
Microsoft Visual Studio Solution File, Format Version 12.00
# Visual Studio Version 17
VisualStudioVersion = 17.9.34616.47
MinimumVisualStudioVersion = 10.0.40219.1
Project("{FAE04EC0-301F-11D3-BF4B-00C04F79EFBC}") = "1 zad", "1 zad\1 zad.csproj", "{83D7BA88-F808-4BBE-A492-25404C716630}"
EndProject
Project("{FAE04EC0-301F-11D3-BF4B-00C04F79EFBC}") = "2 zad", "2 zad\2 zad.csproj", "{C9BDD1BF-6469-4C56-9F82-33544D8F176B}"
EndProject
Project("{FAE04EC0-301F-11D3-BF4B-00C04F79EFBC}") = "zad 3", "zad 3\zad 3.csproj", "{EA959300-1F43-498F-8620-4D2016A14478}"
EndProject
Global
	GlobalSection(SolutionConfigurationPlatforms) = preSolution
		Debug|Any CPU = Debug|Any CPU
		Release|Any CPU = Release|Any CPU
	EndGlobalSection
	GlobalSection(ProjectConfigurationPlatforms) = postSolution
		{83D7BA88-F808-4BBE-A492-25404C716630}.Debug|Any CPU.ActiveCfg = Debug|Any CPU
		{83D7BA88-F808-4BBE-A492-25404C716630}.Debug|Any CPU.Build.0 = Debug|Any CPU
		{83D7BA88-F808-4BBE-A492-25404C716630}.Release|Any CPU.ActiveCfg = Release|Any CPU
		{83D7BA88-F808-4BBE-A492-25404C716630}.Release|Any CPU.Build.0 = Release|Any CPU
		{C9BDD1BF-6469-4C56-9F82-33544D8F176B}.Debug|Any CPU.ActiveCfg = Debug|Any CPU
		{C9BDD1BF-6469-4C56-9F82-33544D8F176B}.Debug|Any CPU.Build.0 = Debug|Any CPU
		{C9BDD1BF-6469-4C56-9F82-33544D8F176B}.Release|Any CPU.ActiveCfg = Release|Any CPU
		{C9BDD1BF-6469-4C56-9F82-33544D8F176B}.Release|Any CPU.Build.0 = Release|Any CPU
		{EA959300-1F43-498F-8620-4D2016A14478}.Debug|Any CPU.ActiveCfg = Debug|Any CPU
		{EA959300-1F43-498F-8620-4D2016A14478}.Debug|Any CPU.Build.0 = Debug|Any CPU
		{EA959300-1F43-498F-8620-4D2016A14478}.Release|Any CPU.ActiveCfg = Release|Any CPU
		{EA959300-1F43-498F-8620-4D2016A14478}.Release|Any CPU.Build.0 = Release|Any CPU
	EndGlobalSection
	GlobalSection(SolutionProperties) = preSolution
		HideSolutionNode = FALSE
	EndGlobalSection
	GlobalSection(ExtensibilityGlobals) = postSolution
		SolutionGuid = {92B00427-D12E-4B70-B72D-83620E09B17A}
	EndGlobalSection
EndGlobal
